
Microsoft Visual Studio Solution File, Format Version 12.00
# Visual Studio Version 17
VisualStudioVersion = 17.3.32819.101
MinimumVisualStudioVersion = 10.0.40219.1
Project("{9A19103F-16F7-4668-BE54-9A1E7A4F7556}") = "Roseworks", "Roseworks\Roseworks.csproj", "{7C243234-68B7-4CBD-B9E1-5F82D5EC321F}"
EndProject
Project("{9A19103F-16F7-4668-BE54-9A1E7A4F7556}") = "RoseworksTest", "RoseworksTest\RoseworksTest.csproj", "{5C967EEB-3830-486D-A690-081EC80E33E8}"
EndProject
Global
	GlobalSection(SolutionConfigurationPlatforms) = preSolution
		Debug|Any CPU = Debug|Any CPU
		Release|Any CPU = Release|Any CPU
	EndGlobalSection
	GlobalSection(ProjectConfigurationPlatforms) = postSolution
		{7C243234-68B7-4CBD-B9E1-5F82D5EC321F}.Debug|Any CPU.ActiveCfg = Debug|Any CPU
		{7C243234-68B7-4CBD-B9E1-5F82D5EC321F}.Debug|Any CPU.Build.0 = Debug|Any CPU
		{7C243234-68B7-4CBD-B9E1-5F82D5EC321F}.Release|Any CPU.ActiveCfg = Release|Any CPU
		{7C243234-68B7-4CBD-B9E1-5F82D5EC321F}.Release|Any CPU.Build.0 = Release|Any CPU
		{5C967EEB-3830-486D-A690-081EC80E33E8}.Debug|Any CPU.ActiveCfg = Debug|Any CPU
		{5C967EEB-3830-486D-A690-081EC80E33E8}.Debug|Any CPU.Build.0 = Debug|Any CPU
		{5C967EEB-3830-486D-A690-081EC80E33E8}.Release|Any CPU.ActiveCfg = Release|Any CPU
		{5C967EEB-3830-486D-A690-081EC80E33E8}.Release|Any CPU.Build.0 = Release|Any CPU
	EndGlobalSection
	GlobalSection(SolutionProperties) = preSolution
		HideSolutionNode = FALSE
	EndGlobalSection
	GlobalSection(ExtensibilityGlobals) = postSolution
		SolutionGuid = {6294B5C8-8F47-4D4A-AD6E-84F07215DF4C}
	EndGlobalSection
EndGlobal
